
Microsoft Visual Studio Solution File, Format Version 12.00
Project("{FAE04EC0-301F-11D3-BF4B-00C04F79EFBC}") = "IP-Midi-Setzer", "IP-Midi-Setzer\IP-Midi-Setzer.csproj", "{8CD8D65C-5BDA-4F33-BE76-F60720B253B2}"
EndProject
Project("{FAE04EC0-301F-11D3-BF4B-00C04F79EFBC}") = "debugger", "debugger\debugger.csproj", "{42DD72B0-6075-41A6-90A0-A2B3324A2163}"
EndProject
Project("{FAE04EC0-301F-11D3-BF4B-00C04F79EFBC}") = "Core", "Core\Core.csproj", "{82FA8175-8607-46C1-B6F2-E3069BF7FA26}"
EndProject
Project("{FAE04EC0-301F-11D3-BF4B-00C04F79EFBC}") = "Pi-Stops-Input", "Pi-Stops-Input\Pi-Stops-Input.csproj", "{2CA8A6C5-49DB-4104-A6D0-B605A7F33945}"
EndProject
Project("{FAE04EC0-301F-11D3-BF4B-00C04F79EFBC}") = "TestWindchestModule", "TestWindchestModule\TestWindchestModule.csproj", "{D5A72758-F260-42C3-B678-283A924D689F}"
EndProject
Project("{FAE04EC0-301F-11D3-BF4B-00C04F79EFBC}") = "TestHD44780Display", "TestHD44780Display\TestHD44780Display.csproj", "{F35F66A1-4D93-4434-9BCB-D57B35889123}"
EndProject
Global
	GlobalSection(SolutionConfigurationPlatforms) = preSolution
		Debug|Any CPU = Debug|Any CPU
		Release|Any CPU = Release|Any CPU
	EndGlobalSection
	GlobalSection(ProjectConfigurationPlatforms) = postSolution
		{8CD8D65C-5BDA-4F33-BE76-F60720B253B2}.Debug|Any CPU.ActiveCfg = Debug|Any CPU
		{8CD8D65C-5BDA-4F33-BE76-F60720B253B2}.Debug|Any CPU.Build.0 = Debug|Any CPU
		{8CD8D65C-5BDA-4F33-BE76-F60720B253B2}.Release|Any CPU.ActiveCfg = Release|Any CPU
		{8CD8D65C-5BDA-4F33-BE76-F60720B253B2}.Release|Any CPU.Build.0 = Release|Any CPU
		{42DD72B0-6075-41A6-90A0-A2B3324A2163}.Debug|Any CPU.ActiveCfg = Debug|Any CPU
		{42DD72B0-6075-41A6-90A0-A2B3324A2163}.Debug|Any CPU.Build.0 = Debug|Any CPU
		{42DD72B0-6075-41A6-90A0-A2B3324A2163}.Release|Any CPU.ActiveCfg = Release|Any CPU
		{42DD72B0-6075-41A6-90A0-A2B3324A2163}.Release|Any CPU.Build.0 = Release|Any CPU
		{82FA8175-8607-46C1-B6F2-E3069BF7FA26}.Debug|Any CPU.ActiveCfg = Debug|Any CPU
		{82FA8175-8607-46C1-B6F2-E3069BF7FA26}.Debug|Any CPU.Build.0 = Debug|Any CPU
		{82FA8175-8607-46C1-B6F2-E3069BF7FA26}.Release|Any CPU.ActiveCfg = Release|Any CPU
		{82FA8175-8607-46C1-B6F2-E3069BF7FA26}.Release|Any CPU.Build.0 = Release|Any CPU
		{2CA8A6C5-49DB-4104-A6D0-B605A7F33945}.Debug|Any CPU.ActiveCfg = Debug|Any CPU
		{2CA8A6C5-49DB-4104-A6D0-B605A7F33945}.Debug|Any CPU.Build.0 = Debug|Any CPU
		{2CA8A6C5-49DB-4104-A6D0-B605A7F33945}.Release|Any CPU.ActiveCfg = Release|Any CPU
		{2CA8A6C5-49DB-4104-A6D0-B605A7F33945}.Release|Any CPU.Build.0 = Release|Any CPU
		{D5A72758-F260-42C3-B678-283A924D689F}.Debug|Any CPU.ActiveCfg = Debug|Any CPU
		{D5A72758-F260-42C3-B678-283A924D689F}.Debug|Any CPU.Build.0 = Debug|Any CPU
		{D5A72758-F260-42C3-B678-283A924D689F}.Release|Any CPU.ActiveCfg = Release|Any CPU
		{D5A72758-F260-42C3-B678-283A924D689F}.Release|Any CPU.Build.0 = Release|Any CPU
		{F35F66A1-4D93-4434-9BCB-D57B35889123}.Debug|Any CPU.ActiveCfg = Debug|Any CPU
		{F35F66A1-4D93-4434-9BCB-D57B35889123}.Debug|Any CPU.Build.0 = Debug|Any CPU
		{F35F66A1-4D93-4434-9BCB-D57B35889123}.Release|Any CPU.ActiveCfg = Release|Any CPU
		{F35F66A1-4D93-4434-9BCB-D57B35889123}.Release|Any CPU.Build.0 = Release|Any CPU
	EndGlobalSection
EndGlobal
